// !$*UTF8*$!
{
	archiveVersion = 1;
	classes = {
	};
	objectVersion = 56;
	objects = {

/* Begin PBXBuildFile section */
		BD15556A2B043D9B0007AF4F /* TitleCollectionViewCell.swift in Sources */ = {isa = PBXBuildFile; fileRef = BD1555692B043D9B0007AF4F /* TitleCollectionViewCell.swift */; };
		BD15556D2B043EEE0007AF4F /* SDWebImage in Frameworks */ = {isa = PBXBuildFile; productRef = BD15556C2B043EEE0007AF4F /* SDWebImage */; };
		BD15556F2B043EEE0007AF4F /* SDWebImageMapKit in Frameworks */ = {isa = PBXBuildFile; productRef = BD15556E2B043EEE0007AF4F /* SDWebImageMapKit */; };
		BD39D4AD2B6C442500F53B65 /* TitleTableViewCell.swift in Sources */ = {isa = PBXBuildFile; fileRef = BD39D4AC2B6C442500F53B65 /* TitleTableViewCell.swift */; };
		BD39D4AF2B6C470200F53B65 /* TitleViewModel.swift in Sources */ = {isa = PBXBuildFile; fileRef = BD39D4AE2B6C470200F53B65 /* TitleViewModel.swift */; };
		BD404BE72B02D266007C9C5D /* HeroHeaderUIView.swift in Sources */ = {isa = PBXBuildFile; fileRef = BD404BE62B02D266007C9C5D /* HeroHeaderUIView.swift */; };
		BDED6ABB2AF314F8005ECDDE /* AppDelegate.swift in Sources */ = {isa = PBXBuildFile; fileRef = BDED6ABA2AF314F8005ECDDE /* AppDelegate.swift */; };
		BDED6ABD2AF314F8005ECDDE /* SceneDelegate.swift in Sources */ = {isa = PBXBuildFile; fileRef = BDED6ABC2AF314F8005ECDDE /* SceneDelegate.swift */; };
		BDED6ABF2AF314F8005ECDDE /* MainTabBarViewController.swift in Sources */ = {isa = PBXBuildFile; fileRef = BDED6ABE2AF314F8005ECDDE /* MainTabBarViewController.swift */; };
		BDED6AC42AF314F9005ECDDE /* Assets.xcassets in Resources */ = {isa = PBXBuildFile; fileRef = BDED6AC32AF314F9005ECDDE /* Assets.xcassets */; };
		BDED6AC72AF314F9005ECDDE /* LaunchScreen.storyboard in Resources */ = {isa = PBXBuildFile; fileRef = BDED6AC52AF314F9005ECDDE /* LaunchScreen.storyboard */; };
		BDED6AD02AF320F0005ECDDE /* HomeViewController.swift in Sources */ = {isa = PBXBuildFile; fileRef = BDED6ACF2AF320F0005ECDDE /* HomeViewController.swift */; };
		BDED6AD22AF32111005ECDDE /* UpcomingViewController.swift in Sources */ = {isa = PBXBuildFile; fileRef = BDED6AD12AF32111005ECDDE /* UpcomingViewController.swift */; };
		BDED6AD42AF3212A005ECDDE /* SearchViewController.swift in Sources */ = {isa = PBXBuildFile; fileRef = BDED6AD32AF3212A005ECDDE /* SearchViewController.swift */; };
		BDED6AD62AF32142005ECDDE /* DownloadViewController.swift in Sources */ = {isa = PBXBuildFile; fileRef = BDED6AD52AF32142005ECDDE /* DownloadViewController.swift */; };
		BDED6ADD2AF338B1005ECDDE /* CollectionViewTableViewCell.swift in Sources */ = {isa = PBXBuildFile; fileRef = BDED6ADC2AF338B1005ECDDE /* CollectionViewTableViewCell.swift */; };
		BDF6D1EC2B03CC500097D407 /* APICaller.swift in Sources */ = {isa = PBXBuildFile; fileRef = BDF6D1EB2B03CC500097D407 /* APICaller.swift */; };
		BDF6D1EE2B03DCD00097D407 /* Title.swift in Sources */ = {isa = PBXBuildFile; fileRef = BDF6D1ED2B03DCD00097D407 /* Title.swift */; };
		BDF6D1F02B03E12D0097D407 /* Extensions.swift in Sources */ = {isa = PBXBuildFile; fileRef = BDF6D1EF2B03E12D0097D407 /* Extensions.swift */; };
/* End PBXBuildFile section */

/* Begin PBXFileReference section */
		BD1555692B043D9B0007AF4F /* TitleCollectionViewCell.swift */ = {isa = PBXFileReference; lastKnownFileType = sourcecode.swift; path = TitleCollectionViewCell.swift; sourceTree = "<group>"; };
		BD39D4AC2B6C442500F53B65 /* TitleTableViewCell.swift */ = {isa = PBXFileReference; lastKnownFileType = sourcecode.swift; path = TitleTableViewCell.swift; sourceTree = "<group>"; };
		BD39D4AE2B6C470200F53B65 /* TitleViewModel.swift */ = {isa = PBXFileReference; lastKnownFileType = sourcecode.swift; name = TitleViewModel.swift; path = NotNetflix/ViewModel/TitleViewModel.swift; sourceTree = SOURCE_ROOT; };
		BD404BE62B02D266007C9C5D /* HeroHeaderUIView.swift */ = {isa = PBXFileReference; lastKnownFileType = sourcecode.swift; path = HeroHeaderUIView.swift; sourceTree = "<group>"; };
		BDED6AB72AF314F8005ECDDE /* NotNetflix.app */ = {isa = PBXFileReference; explicitFileType = wrapper.application; includeInIndex = 0; path = NotNetflix.app; sourceTree = BUILT_PRODUCTS_DIR; };
		BDED6ABA2AF314F8005ECDDE /* AppDelegate.swift */ = {isa = PBXFileReference; lastKnownFileType = sourcecode.swift; path = AppDelegate.swift; sourceTree = "<group>"; };
		BDED6ABC2AF314F8005ECDDE /* SceneDelegate.swift */ = {isa = PBXFileReference; lastKnownFileType = sourcecode.swift; path = SceneDelegate.swift; sourceTree = "<group>"; };
		BDED6ABE2AF314F8005ECDDE /* MainTabBarViewController.swift */ = {isa = PBXFileReference; lastKnownFileType = sourcecode.swift; path = MainTabBarViewController.swift; sourceTree = "<group>"; };
		BDED6AC32AF314F9005ECDDE /* Assets.xcassets */ = {isa = PBXFileReference; lastKnownFileType = folder.assetcatalog; path = Assets.xcassets; sourceTree = "<group>"; };
		BDED6AC62AF314F9005ECDDE /* Base */ = {isa = PBXFileReference; lastKnownFileType = file.storyboard; name = Base; path = Base.lproj/LaunchScreen.storyboard; sourceTree = "<group>"; };
		BDED6AC82AF314F9005ECDDE /* Info.plist */ = {isa = PBXFileReference; lastKnownFileType = text.plist.xml; path = Info.plist; sourceTree = "<group>"; };
		BDED6ACF2AF320F0005ECDDE /* HomeViewController.swift */ = {isa = PBXFileReference; lastKnownFileType = sourcecode.swift; path = HomeViewController.swift; sourceTree = "<group>"; };
		BDED6AD12AF32111005ECDDE /* UpcomingViewController.swift */ = {isa = PBXFileReference; lastKnownFileType = sourcecode.swift; path = UpcomingViewController.swift; sourceTree = "<group>"; };
		BDED6AD32AF3212A005ECDDE /* SearchViewController.swift */ = {isa = PBXFileReference; lastKnownFileType = sourcecode.swift; path = SearchViewController.swift; sourceTree = "<group>"; };
		BDED6AD52AF32142005ECDDE /* DownloadViewController.swift */ = {isa = PBXFileReference; lastKnownFileType = sourcecode.swift; path = DownloadViewController.swift; sourceTree = "<group>"; };
		BDED6ADC2AF338B1005ECDDE /* CollectionViewTableViewCell.swift */ = {isa = PBXFileReference; lastKnownFileType = sourcecode.swift; path = CollectionViewTableViewCell.swift; sourceTree = "<group>"; };
		BDF6D1EB2B03CC500097D407 /* APICaller.swift */ = {isa = PBXFileReference; lastKnownFileType = sourcecode.swift; path = APICaller.swift; sourceTree = "<group>"; };
		BDF6D1ED2B03DCD00097D407 /* Title.swift */ = {isa = PBXFileReference; lastKnownFileType = sourcecode.swift; path = Title.swift; sourceTree = "<group>"; };
		BDF6D1EF2B03E12D0097D407 /* Extensions.swift */ = {isa = PBXFileReference; lastKnownFileType = sourcecode.swift; path = Extensions.swift; sourceTree = "<group>"; };
/* End PBXFileReference section */

/* Begin PBXFrameworksBuildPhase section */
		BDED6AB42AF314F8005ECDDE /* Frameworks */ = {
			isa = PBXFrameworksBuildPhase;
			buildActionMask = 2147483647;
			files = (
				BD15556F2B043EEE0007AF4F /* SDWebImageMapKit in Frameworks */,
				BD15556D2B043EEE0007AF4F /* SDWebImage in Frameworks */,
			);
			runOnlyForDeploymentPostprocessing = 0;
		};
/* End PBXFrameworksBuildPhase section */

/* Begin PBXGroup section */
		BD39D4B02B6C585100F53B65 /* ViewModel */ = {
			isa = PBXGroup;
			children = (
				BD39D4AE2B6C470200F53B65 /* TitleViewModel.swift */,
			);
			path = ViewModel;
			sourceTree = "<group>";
		};
		BDED6AAE2AF314F8005ECDDE = {
			isa = PBXGroup;
			children = (
				BDED6AB92AF314F8005ECDDE /* NotNetflix */,
				BDED6AB82AF314F8005ECDDE /* Products */,
			);
			sourceTree = "<group>";
		};
		BDED6AB82AF314F8005ECDDE /* Products */ = {
			isa = PBXGroup;
			children = (
				BDED6AB72AF314F8005ECDDE /* NotNetflix.app */,
			);
			name = Products;
			sourceTree = "<group>";
		};
		BDED6AB92AF314F8005ECDDE /* NotNetflix */ = {
			isa = PBXGroup;
			children = (
				BD39D4B02B6C585100F53B65 /* ViewModel */,
				BDED6ADB2AF3387A005ECDDE /* Managers */,
				BDED6ADA2AF33873005ECDDE /* Resources */,
				BDED6AD92AF33842005ECDDE /* Models */,
				BDED6AD72AF33832005ECDDE /* Views */,
				BDED6ACE2AF320CA005ECDDE /* Controllers */,
				BDED6ABA2AF314F8005ECDDE /* AppDelegate.swift */,
				BDED6ABC2AF314F8005ECDDE /* SceneDelegate.swift */,
				BDED6ABE2AF314F8005ECDDE /* MainTabBarViewController.swift */,
				BDED6AC32AF314F9005ECDDE /* Assets.xcassets */,
				BDED6AC52AF314F9005ECDDE /* LaunchScreen.storyboard */,
				BDED6AC82AF314F9005ECDDE /* Info.plist */,
			);
			path = NotNetflix;
			sourceTree = "<group>";
		};
		BDED6ACE2AF320CA005ECDDE /* Controllers */ = {
			isa = PBXGroup;
			children = (
				BDED6ACF2AF320F0005ECDDE /* HomeViewController.swift */,
				BDED6AD12AF32111005ECDDE /* UpcomingViewController.swift */,
				BDED6AD32AF3212A005ECDDE /* SearchViewController.swift */,
				BDED6AD52AF32142005ECDDE /* DownloadViewController.swift */,
			);
			path = Controllers;
			sourceTree = "<group>";
		};
		BDED6AD72AF33832005ECDDE /* Views */ = {
			isa = PBXGroup;
			children = (
				BDED6ADC2AF338B1005ECDDE /* CollectionViewTableViewCell.swift */,
				BD404BE62B02D266007C9C5D /* HeroHeaderUIView.swift */,
				BD1555692B043D9B0007AF4F /* TitleCollectionViewCell.swift */,
				BD39D4AC2B6C442500F53B65 /* TitleTableViewCell.swift */,
			);
			path = Views;
			sourceTree = "<group>";
		};
		BDED6AD92AF33842005ECDDE /* Models */ = {
			isa = PBXGroup;
			children = (
				BDF6D1ED2B03DCD00097D407 /* Title.swift */,
			);
			path = Models;
			sourceTree = "<group>";
		};
		BDED6ADA2AF33873005ECDDE /* Resources */ = {
			isa = PBXGroup;
			children = (
				BDF6D1EF2B03E12D0097D407 /* Extensions.swift */,
			);
			path = Resources;
			sourceTree = "<group>";
		};
		BDED6ADB2AF3387A005ECDDE /* Managers */ = {
			isa = PBXGroup;
			children = (
				BDF6D1EB2B03CC500097D407 /* APICaller.swift */,
			);
			path = Managers;
			sourceTree = "<group>";
		};
/* End PBXGroup section */

/* Begin PBXNativeTarget section */
		BDED6AB62AF314F8005ECDDE /* NotNetflix */ = {
			isa = PBXNativeTarget;
			buildConfigurationList = BDED6ACB2AF314F9005ECDDE /* Build configuration list for PBXNativeTarget "NotNetflix" */;
			buildPhases = (
				BDED6AB32AF314F8005ECDDE /* Sources */,
				BDED6AB42AF314F8005ECDDE /* Frameworks */,
				BDED6AB52AF314F8005ECDDE /* Resources */,
			);
			buildRules = (
			);
			dependencies = (
			);
			name = NotNetflix;
			packageProductDependencies = (
				BD15556C2B043EEE0007AF4F /* SDWebImage */,
				BD15556E2B043EEE0007AF4F /* SDWebImageMapKit */,
			);
			productName = NotNetflix;
			productReference = BDED6AB72AF314F8005ECDDE /* NotNetflix.app */;
			productType = "com.apple.product-type.application";
		};
/* End PBXNativeTarget section */

/* Begin PBXProject section */
		BDED6AAF2AF314F8005ECDDE /* Project object */ = {
			isa = PBXProject;
			attributes = {
				BuildIndependentTargetsInParallel = 1;
				LastSwiftUpdateCheck = 1500;
				LastUpgradeCheck = 1500;
				TargetAttributes = {
					BDED6AB62AF314F8005ECDDE = {
						CreatedOnToolsVersion = 15.0.1;
					};
				};
			};
			buildConfigurationList = BDED6AB22AF314F8005ECDDE /* Build configuration list for PBXProject "NotNetflix" */;
			compatibilityVersion = "Xcode 14.0";
			developmentRegion = en;
			hasScannedForEncodings = 0;
			knownRegions = (
				en,
				Base,
			);
			mainGroup = BDED6AAE2AF314F8005ECDDE;
			packageReferences = (
				BD15556B2B043EEE0007AF4F /* XCRemoteSwiftPackageReference "SDWebImage" */,
			);
			productRefGroup = BDED6AB82AF314F8005ECDDE /* Products */;
			projectDirPath = "";
			projectRoot = "";
			targets = (
				BDED6AB62AF314F8005ECDDE /* NotNetflix */,
			);
		};
/* End PBXProject section */

/* Begin PBXResourcesBuildPhase section */
		BDED6AB52AF314F8005ECDDE /* Resources */ = {
			isa = PBXResourcesBuildPhase;
			buildActionMask = 2147483647;
			files = (
				BDED6AC72AF314F9005ECDDE /* LaunchScreen.storyboard in Resources */,
				BDED6AC42AF314F9005ECDDE /* Assets.xcassets in Resources */,
			);
			runOnlyForDeploymentPostprocessing = 0;
		};
/* End PBXResourcesBuildPhase section */

/* Begin PBXSourcesBuildPhase section */
		BDED6AB32AF314F8005ECDDE /* Sources */ = {
			isa = PBXSourcesBuildPhase;
			buildActionMask = 2147483647;
			files = (
				BD39D4AD2B6C442500F53B65 /* TitleTableViewCell.swift in Sources */,
				BDED6AD42AF3212A005ECDDE /* SearchViewController.swift in Sources */,
				BD15556A2B043D9B0007AF4F /* TitleCollectionViewCell.swift in Sources */,
				BDED6ABF2AF314F8005ECDDE /* MainTabBarViewController.swift in Sources */,
				BDED6ADD2AF338B1005ECDDE /* CollectionViewTableViewCell.swift in Sources */,
				BDF6D1EC2B03CC500097D407 /* APICaller.swift in Sources */,
				BD404BE72B02D266007C9C5D /* HeroHeaderUIView.swift in Sources */,
				BDED6ABB2AF314F8005ECDDE /* AppDelegate.swift in Sources */,
				BDED6AD62AF32142005ECDDE /* DownloadViewController.swift in Sources */,
				BDF6D1F02B03E12D0097D407 /* Extensions.swift in Sources */,
				BDED6ABD2AF314F8005ECDDE /* SceneDelegate.swift in Sources */,
				BDED6AD22AF32111005ECDDE /* UpcomingViewController.swift in Sources */,
				BDF6D1EE2B03DCD00097D407 /* Title.swift in Sources */,
				BDED6AD02AF320F0005ECDDE /* HomeViewController.swift in Sources */,
				BD39D4AF2B6C470200F53B65 /* TitleViewModel.swift in Sources */,
			);
			runOnlyForDeploymentPostprocessing = 0;
		};
/* End PBXSourcesBuildPhase section */

/* Begin PBXVariantGroup section */
		BDED6AC52AF314F9005ECDDE /* LaunchScreen.storyboard */ = {
			isa = PBXVariantGroup;
			children = (
				BDED6AC62AF314F9005ECDDE /* Base */,
			);
			name = LaunchScreen.storyboard;
			sourceTree = "<group>";
		};
/* End PBXVariantGroup section */

/* Begin XCBuildConfiguration section */
		BDED6AC92AF314F9005ECDDE /* Debug */ = {
			isa = XCBuildConfiguration;
			buildSettings = {
				ALWAYS_SEARCH_USER_PATHS = NO;
				ASSETCATALOG_COMPILER_GENERATE_SWIFT_ASSET_SYMBOL_EXTENSIONS = YES;
				CLANG_ANALYZER_NONNULL = YES;
				CLANG_ANALYZER_NUMBER_OBJECT_CONVERSION = YES_AGGRESSIVE;
				CLANG_CXX_LANGUAGE_STANDARD = "gnu++20";
				CLANG_ENABLE_MODULES = YES;
				CLANG_ENABLE_OBJC_ARC = YES;
				CLANG_ENABLE_OBJC_WEAK = YES;
				CLANG_WARN_BLOCK_CAPTURE_AUTORELEASING = YES;
				CLANG_WARN_BOOL_CONVERSION = YES;
				CLANG_WARN_COMMA = YES;
				CLANG_WARN_CONSTANT_CONVERSION = YES;
				CLANG_WARN_DEPRECATED_OBJC_IMPLEMENTATIONS = YES;
				CLANG_WARN_DIRECT_OBJC_ISA_USAGE = YES_ERROR;
				CLANG_WARN_DOCUMENTATION_COMMENTS = YES;
				CLANG_WARN_EMPTY_BODY = YES;
				CLANG_WARN_ENUM_CONVERSION = YES;
				CLANG_WARN_INFINITE_RECURSION = YES;
				CLANG_WARN_INT_CONVERSION = YES;
				CLANG_WARN_NON_LITERAL_NULL_CONVERSION = YES;
				CLANG_WARN_OBJC_IMPLICIT_RETAIN_SELF = YES;
				CLANG_WARN_OBJC_LITERAL_CONVERSION = YES;
				CLANG_WARN_OBJC_ROOT_CLASS = YES_ERROR;
				CLANG_WARN_QUOTED_INCLUDE_IN_FRAMEWORK_HEADER = YES;
				CLANG_WARN_RANGE_LOOP_ANALYSIS = YES;
				CLANG_WARN_STRICT_PROTOTYPES = YES;
				CLANG_WARN_SUSPICIOUS_MOVE = YES;
				CLANG_WARN_UNGUARDED_AVAILABILITY = YES_AGGRESSIVE;
				CLANG_WARN_UNREACHABLE_CODE = YES;
				CLANG_WARN__DUPLICATE_METHOD_MATCH = YES;
				COPY_PHASE_STRIP = NO;
				DEBUG_INFORMATION_FORMAT = dwarf;
				ENABLE_STRICT_OBJC_MSGSEND = YES;
				ENABLE_TESTABILITY = YES;
				ENABLE_USER_SCRIPT_SANDBOXING = YES;
				GCC_C_LANGUAGE_STANDARD = gnu17;
				GCC_DYNAMIC_NO_PIC = NO;
				GCC_NO_COMMON_BLOCKS = YES;
				GCC_OPTIMIZATION_LEVEL = 0;
				GCC_PREPROCESSOR_DEFINITIONS = (
					"DEBUG=1",
					"$(inherited)",
				);
				GCC_WARN_64_TO_32_BIT_CONVERSION = YES;
				GCC_WARN_ABOUT_RETURN_TYPE = YES_ERROR;
				GCC_WARN_UNDECLARED_SELECTOR = YES;
				GCC_WARN_UNINITIALIZED_AUTOS = YES_AGGRESSIVE;
				GCC_WARN_UNUSED_FUNCTION = YES;
				GCC_WARN_UNUSED_VARIABLE = YES;
				IPHONEOS_DEPLOYMENT_TARGET = 17.0;
				LOCALIZATION_PREFERS_STRING_CATALOGS = YES;
				MTL_ENABLE_DEBUG_INFO = INCLUDE_SOURCE;
				MTL_FAST_MATH = YES;
				ONLY_ACTIVE_ARCH = YES;
				SDKROOT = iphoneos;
				SWIFT_ACTIVE_COMPILATION_CONDITIONS = "DEBUG $(inherited)";
				SWIFT_OPTIMIZATION_LEVEL = "-Onone";
			};
			name = Debug;
		};
		BDED6ACA2AF314F9005ECDDE /* Release */ = {
			isa = XCBuildConfiguration;
			buildSettings = {
				ALWAYS_SEARCH_USER_PATHS = NO;
				ASSETCATALOG_COMPILER_GENERATE_SWIFT_ASSET_SYMBOL_EXTENSIONS = YES;
				CLANG_ANALYZER_NONNULL = YES;
				CLANG_ANALYZER_NUMBER_OBJECT_CONVERSION = YES_AGGRESSIVE;
				CLANG_CXX_LANGUAGE_STANDARD = "gnu++20";
				CLANG_ENABLE_MODULES = YES;
				CLANG_ENABLE_OBJC_ARC = YES;
				CLANG_ENABLE_OBJC_WEAK = YES;
				CLANG_WARN_BLOCK_CAPTURE_AUTORELEASING = YES;
				CLANG_WARN_BOOL_CONVERSION = YES;
				CLANG_WARN_COMMA = YES;
				CLANG_WARN_CONSTANT_CONVERSION = YES;
				CLANG_WARN_DEPRECATED_OBJC_IMPLEMENTATIONS = YES;
				CLANG_WARN_DIRECT_OBJC_ISA_USAGE = YES_ERROR;
				CLANG_WARN_DOCUMENTATION_COMMENTS = YES;
				CLANG_WARN_EMPTY_BODY = YES;
				CLANG_WARN_ENUM_CONVERSION = YES;
				CLANG_WARN_INFINITE_RECURSION = YES;
				CLANG_WARN_INT_CONVERSION = YES;
				CLANG_WARN_NON_LITERAL_NULL_CONVERSION = YES;
				CLANG_WARN_OBJC_IMPLICIT_RETAIN_SELF = YES;
				CLANG_WARN_OBJC_LITERAL_CONVERSION = YES;
				CLANG_WARN_OBJC_ROOT_CLASS = YES_ERROR;
				CLANG_WARN_QUOTED_INCLUDE_IN_FRAMEWORK_HEADER = YES;
				CLANG_WARN_RANGE_LOOP_ANALYSIS = YES;
				CLANG_WARN_STRICT_PROTOTYPES = YES;
				CLANG_WARN_SUSPICIOUS_MOVE = YES;
				CLANG_WARN_UNGUARDED_AVAILABILITY = YES_AGGRESSIVE;
				CLANG_WARN_UNREACHABLE_CODE = YES;
				CLANG_WARN__DUPLICATE_METHOD_MATCH = YES;
				COPY_PHASE_STRIP = NO;
				DEBUG_INFORMATION_FORMAT = "dwarf-with-dsym";
				ENABLE_NS_ASSERTIONS = NO;
				ENABLE_STRICT_OBJC_MSGSEND = YES;
				ENABLE_USER_SCRIPT_SANDBOXING = YES;
				GCC_C_LANGUAGE_STANDARD = gnu17;
				GCC_NO_COMMON_BLOCKS = YES;
				GCC_WARN_64_TO_32_BIT_CONVERSION = YES;
				GCC_WARN_ABOUT_RETURN_TYPE = YES_ERROR;
				GCC_WARN_UNDECLARED_SELECTOR = YES;
				GCC_WARN_UNINITIALIZED_AUTOS = YES_AGGRESSIVE;
				GCC_WARN_UNUSED_FUNCTION = YES;
				GCC_WARN_UNUSED_VARIABLE = YES;
				IPHONEOS_DEPLOYMENT_TARGET = 17.0;
				LOCALIZATION_PREFERS_STRING_CATALOGS = YES;
				MTL_ENABLE_DEBUG_INFO = NO;
				MTL_FAST_MATH = YES;
				SDKROOT = iphoneos;
				SWIFT_COMPILATION_MODE = wholemodule;
				VALIDATE_PRODUCT = YES;
			};
			name = Release;
		};
		BDED6ACC2AF314F9005ECDDE /* Debug */ = {
			isa = XCBuildConfiguration;
			buildSettings = {
				ASSETCATALOG_COMPILER_APPICON_NAME = AppIcon;
				ASSETCATALOG_COMPILER_GLOBAL_ACCENT_COLOR_NAME = AccentColor;
				CODE_SIGN_STYLE = Automatic;
				CURRENT_PROJECT_VERSION = 1;
				GENERATE_INFOPLIST_FILE = YES;
				INFOPLIST_FILE = NotNetflix/Info.plist;
				INFOPLIST_KEY_UIApplicationSupportsIndirectInputEvents = YES;
				INFOPLIST_KEY_UILaunchStoryboardName = LaunchScreen;
				INFOPLIST_KEY_UISupportedInterfaceOrientations_iPad = "UIInterfaceOrientationPortrait UIInterfaceOrientationPortraitUpsideDown UIInterfaceOrientationLandscapeLeft UIInterfaceOrientationLandscapeRight";
				INFOPLIST_KEY_UISupportedInterfaceOrientations_iPhone = "UIInterfaceOrientationPortrait UIInterfaceOrientationLandscapeLeft UIInterfaceOrientationLandscapeRight";
				LD_RUNPATH_SEARCH_PATHS = (
					"$(inherited)",
					"@executable_path/Frameworks",
				);
				MARKETING_VERSION = 1.0;
				PRODUCT_BUNDLE_IDENTIFIER = com.outatime.NotNetflix;
				PRODUCT_NAME = "$(TARGET_NAME)";
				SWIFT_EMIT_LOC_STRINGS = YES;
				SWIFT_VERSION = 5.0;
				TARGETED_DEVICE_FAMILY = "1,2";
			};
			name = Debug;
		};
		BDED6ACD2AF314F9005ECDDE /* Release */ = {
			isa = XCBuildConfiguration;
			buildSettings = {
				ASSETCATALOG_COMPILER_APPICON_NAME = AppIcon;
				ASSETCATALOG_COMPILER_GLOBAL_ACCENT_COLOR_NAME = AccentColor;
				CODE_SIGN_STYLE = Automatic;
				CURRENT_PROJECT_VERSION = 1;
				GENERATE_INFOPLIST_FILE = YES;
				INFOPLIST_FILE = NotNetflix/Info.plist;
				INFOPLIST_KEY_UIApplicationSupportsIndirectInputEvents = YES;
				INFOPLIST_KEY_UILaunchStoryboardName = LaunchScreen;
				INFOPLIST_KEY_UISupportedInterfaceOrientations_iPad = "UIInterfaceOrientationPortrait UIInterfaceOrientationPortraitUpsideDown UIInterfaceOrientationLandscapeLeft UIInterfaceOrientationLandscapeRight";
				INFOPLIST_KEY_UISupportedInterfaceOrientations_iPhone = "UIInterfaceOrientationPortrait UIInterfaceOrientationLandscapeLeft UIInterfaceOrientationLandscapeRight";
				LD_RUNPATH_SEARCH_PATHS = (
					"$(inherited)",
					"@executable_path/Frameworks",
				);
				MARKETING_VERSION = 1.0;
				PRODUCT_BUNDLE_IDENTIFIER = com.outatime.NotNetflix;
				PRODUCT_NAME = "$(TARGET_NAME)";
				SWIFT_EMIT_LOC_STRINGS = YES;
				SWIFT_VERSION = 5.0;
				TARGETED_DEVICE_FAMILY = "1,2";
			};
			name = Release;
		};
/* End XCBuildConfiguration section */

/* Begin XCConfigurationList section */
		BDED6AB22AF314F8005ECDDE /* Build configuration list for PBXProject "NotNetflix" */ = {
			isa = XCConfigurationList;
			buildConfigurations = (
				BDED6AC92AF314F9005ECDDE /* Debug */,
				BDED6ACA2AF314F9005ECDDE /* Release */,
			);
			defaultConfigurationIsVisible = 0;
			defaultConfigurationName = Release;
		};
		BDED6ACB2AF314F9005ECDDE /* Build configuration list for PBXNativeTarget "NotNetflix" */ = {
			isa = XCConfigurationList;
			buildConfigurations = (
				BDED6ACC2AF314F9005ECDDE /* Debug */,
				BDED6ACD2AF314F9005ECDDE /* Release */,
			);
			defaultConfigurationIsVisible = 0;
			defaultConfigurationName = Release;
		};
/* End XCConfigurationList section */

/* Begin XCRemoteSwiftPackageReference section */
		BD15556B2B043EEE0007AF4F /* XCRemoteSwiftPackageReference "SDWebImage" */ = {
			isa = XCRemoteSwiftPackageReference;
			repositoryURL = "https://github.com/SDWebImage/SDWebImage.git";
			requirement = {
				branch = master;
				kind = branch;
			};
		};
/* End XCRemoteSwiftPackageReference section */

/* Begin XCSwiftPackageProductDependency section */
		BD15556C2B043EEE0007AF4F /* SDWebImage */ = {
			isa = XCSwiftPackageProductDependency;
			package = BD15556B2B043EEE0007AF4F /* XCRemoteSwiftPackageReference "SDWebImage" */;
			productName = SDWebImage;
		};
		BD15556E2B043EEE0007AF4F /* SDWebImageMapKit */ = {
			isa = XCSwiftPackageProductDependency;
			package = BD15556B2B043EEE0007AF4F /* XCRemoteSwiftPackageReference "SDWebImage" */;
			productName = SDWebImageMapKit;
		};
/* End XCSwiftPackageProductDependency section */
	};
	rootObject = BDED6AAF2AF314F8005ECDDE /* Project object */;
}
